
Microsoft Visual Studio Solution File, Format Version 12.00
# Visual Studio 15
VisualStudioVersion = 15.0.28307.572
MinimumVisualStudioVersion = 10.0.40219.1
Project("{FAE04EC0-301F-11D3-BF4B-00C04F79EFBC}") = "EmployeeInformation", "EmployeeInformation\EmployeeInformation.csproj", "{4C78A9FF-DC52-459E-975A-203B5D08E1DA}"
EndProject
Project("{FAE04EC0-301F-11D3-BF4B-00C04F79EFBC}") = "EmpDetails", "EmpDetails\EmpDetails.csproj", "{B1B192DF-3173-417B-8EBF-25149E4D34CD}"
EndProject
Global
	GlobalSection(SolutionConfigurationPlatforms) = preSolution
		Debug|Any CPU = Debug|Any CPU
		Release|Any CPU = Release|Any CPU
	EndGlobalSection
	GlobalSection(ProjectConfigurationPlatforms) = postSolution
		{4C78A9FF-DC52-459E-975A-203B5D08E1DA}.Debug|Any CPU.ActiveCfg = Debug|Any CPU
		{4C78A9FF-DC52-459E-975A-203B5D08E1DA}.Debug|Any CPU.Build.0 = Debug|Any CPU
		{4C78A9FF-DC52-459E-975A-203B5D08E1DA}.Release|Any CPU.ActiveCfg = Release|Any CPU
		{4C78A9FF-DC52-459E-975A-203B5D08E1DA}.Release|Any CPU.Build.0 = Release|Any CPU
		{B1B192DF-3173-417B-8EBF-25149E4D34CD}.Debug|Any CPU.ActiveCfg = Debug|Any CPU
		{B1B192DF-3173-417B-8EBF-25149E4D34CD}.Debug|Any CPU.Build.0 = Debug|Any CPU
		{B1B192DF-3173-417B-8EBF-25149E4D34CD}.Release|Any CPU.ActiveCfg = Release|Any CPU
		{B1B192DF-3173-417B-8EBF-25149E4D34CD}.Release|Any CPU.Build.0 = Release|Any CPU
	EndGlobalSection
	GlobalSection(SolutionProperties) = preSolution
		HideSolutionNode = FALSE
	EndGlobalSection
	GlobalSection(ExtensibilityGlobals) = postSolution
		SolutionGuid = {1B6AAEA3-D425-427E-9D9D-9732EACD1ED0}
	EndGlobalSection
EndGlobal
